# THIS IS AN AUTOGENERATED FILE. DO NOT EDIT THIS FILE DIRECTLY.
# yarn lockfile v1


camelcase@^4.1.0:
  version "4.1.0"
  resolved "https://registry.npmmirror.com/camelcase/-/camelcase-4.1.0.tgz#d545635be1e33c542649c69173e5de6acfae34dd"
  integrity sha512-FxAv7HpHrXbh3aPo4o2qxHay2lkLY3x5Mw3KeE4KQE8ysVfziWeRZDwcjauvwBSGEC/nXUPzZy8zeh4HokqOnw==

file-save@^0.2.0:
  version "0.2.0"
  resolved "https://registry.npmmirror.com/file-save/-/file-save-0.2.0.tgz#39b20d0214e656b1417faa3c32d317b678545db7"
  integrity sha512-teMqpbPLBDAHEDAPYEb8fGfng4S6eGZcsN0CLM1ow0w1vtqTMBwNmd82dEc81O3C1BEs1EY8L18Ma6Q6O++v1A==
  dependencies:
    mkdirp "~0.5.0"

minimist@^1.2.6:
  version "1.2.8"
  resolved "https://registry.npmmirror.com/minimist/-/minimist-1.2.8.tgz#c1a464e7693302e082a075cee0c057741ac4772c"
  integrity sha512-2yyAR8qBkN3YuheJanUpWC5U3bb5osDywNB8RzDVlDwDHbocAJveqqj1u8+SVD7jkWT4yvsHCpWqqWqAxb0zCA==

mkdirp@~0.5.0:
  version "0.5.6"
  resolved "https://registry.npmmirror.com/mkdirp/-/mkdirp-0.5.6.tgz#7def03d2432dcae4ba1d611445c48396062255f6"
  integrity sha512-FP+p8RB8OWpF3YZBCrP5gtADmtXApB5AMLn+vdyA+PyxCjrCs00mjyUozssO33cwDeT3wNGdLxJ5M//YqtHAJw==
  dependencies:
    minimist "^1.2.6"

uppercamelcase@^3.0.0:
  version "3.0.0"
  resolved "https://registry.npmmirror.com/uppercamelcase/-/uppercamelcase-3.0.0.tgz#380b321b8d73cba16fec4d752a575152d1ef7317"
  integrity sha512-zTWmRiOJACCdFGWjzye3L5cjSuVdZ/c8C0iHIwVbfORFD8IhGNAO6BOWkZ+fj+SI6/aFbdjGXE6gwPG780H4gQ==
  dependencies:
    camelcase "^4.1.0"
